
Microsoft Visual Studio Solution File, Format Version 12.00
# Visual Studio 15
VisualStudioVersion = 15.0.27428.2015
MinimumVisualStudioVersion = 10.0.40219.1
Project("{9A19103F-16F7-4668-BE54-9A1E7A4F7556}") = "Dasync.ValueContainer", "Data\ValueContainer\Dasync.ValueContainer.csproj", "{303B8250-33F0-413A-AAFC-9449DBCEAA59}"
EndProject
Project("{2150E333-8FDC-42A3-9474-1A3956D46DE8}") = "Data", "Data", "{45C9E14F-A562-4E97-8751-8723709661B8}"
EndProject
Project("{9A19103F-16F7-4668-BE54-9A1E7A4F7556}") = "Dasync.Serialization", "Data\Serialization\Dasync.Serialization.csproj", "{386B0181-E5B8-44C4-BD37-29800CFE8ED2}"
EndProject
Project("{9A19103F-16F7-4668-BE54-9A1E7A4F7556}") = "Dasync.Serialization.Json", "Data\Serialization.Json\Dasync.Serialization.Json.csproj", "{35F6182B-DA8D-40C3-8EE9-623A11119BD9}"
EndProject
Project("{9A19103F-16F7-4668-BE54-9A1E7A4F7556}") = "Dasync.Serializers.EETypes", "Data\Serializers.EETypes\Dasync.Serializers.EETypes.csproj", "{24965ED5-3C4F-4E53-99F6-CA207AB60EBA}"
EndProject
Project("{9A19103F-16F7-4668-BE54-9A1E7A4F7556}") = "Dasync.Serializers.StandardTypes", "Data\Serializers.StandardTypes\Dasync.Serializers.StandardTypes.csproj", "{EBCAA94F-F6C2-497E-87AE-3A1AF76B6A8C}"
EndProject
Project("{2150E333-8FDC-42A3-9474-1A3956D46DE8}") = "IoC", "IoC", "{BDDDE05B-3CFC-4A50-8EFE-9C24A8ABBC4A}"
EndProject
Project("{2150E333-8FDC-42A3-9474-1A3956D46DE8}") = "Engine", "Engine", "{81C41737-C414-4C5F-9E9C-678EEC7AF48B}"
EndProject
Project("{2150E333-8FDC-42A3-9474-1A3956D46DE8}") = "Azure", "Azure", "{9A50D63D-AD2B-4A69-B48E-6931C295DB96}"
EndProject
Project("{2150E333-8FDC-42A3-9474-1A3956D46DE8}") = "Fabric", "Fabric", "{79D23AA5-2B44-49EF-B25B-EE784E5F68EE}"
EndProject
Project("{9A19103F-16F7-4668-BE54-9A1E7A4F7556}") = "Dasync.Ioc", "IoC\IoC\Dasync.Ioc.csproj", "{EDE692A0-6A18-4A6A-AFB8-53D35F6DEDEB}"
EndProject
Project("{9A19103F-16F7-4668-BE54-9A1E7A4F7556}") = "Dasync.Ioc.Ninject", "IoC\IoC.Ninject\Dasync.Ioc.Ninject.csproj", "{B9A20F8E-7386-4FE4-826C-F861293C0D0E}"
EndProject
Project("{9A19103F-16F7-4668-BE54-9A1E7A4F7556}") = "Dasync.Accessors", "Engine\Accessors\Dasync.Accessors.csproj", "{4769F440-586E-45C0-918E-FE26647C2ADF}"
EndProject
Project("{9A19103F-16F7-4668-BE54-9A1E7A4F7556}") = "Dasync.AsyncStateMachine", "Engine\AsyncStateMachine\Dasync.AsyncStateMachine.csproj", "{76D2D6AA-87AF-4E6C-AA99-B0501F2F3B82}"
EndProject
Project("{9A19103F-16F7-4668-BE54-9A1E7A4F7556}") = "Dasync.EETypes", "Engine\EETypes\Dasync.EETypes.csproj", "{97BD91D0-0F38-4F68-99D8-C4C3C1E1B374}"
EndProject
Project("{9A19103F-16F7-4668-BE54-9A1E7A4F7556}") = "Dasync.ExecutionEngine", "Engine\ExecutionEngine\Dasync.ExecutionEngine.csproj", "{6B43C928-D90B-40FA-ABBC-9B1E048F0CB5}"
EndProject
Project("{9A19103F-16F7-4668-BE54-9A1E7A4F7556}") = "Dasync.Proxy", "Engine\Proxy\Dasync.Proxy.csproj", "{31D7B8E3-3CA9-456D-8177-8ECA26CD72BD}"
EndProject
Project("{9A19103F-16F7-4668-BE54-9A1E7A4F7556}") = "Dasync.Bootstrap", "Fabric\Bootstrap\Dasync.Bootstrap.csproj", "{E002C8AD-9346-40EA-B32A-71A7A5F9357C}"
EndProject
Project("{9A19103F-16F7-4668-BE54-9A1E7A4F7556}") = "Dasync.ServiceRegistry", "Fabric\ServiceRegistry\Dasync.ServiceRegistry.csproj", "{D3DC9B4B-3037-489E-8121-A6C22C10A0AA}"
EndProject
Project("{9A19103F-16F7-4668-BE54-9A1E7A4F7556}") = "Dasync.Fabric.InMemory", "Fabric\Fabric.InMemory\Dasync.Fabric.InMemory.csproj", "{FBE7CF9E-A854-4FE0-8D4D-DA370560CB97}"
EndProject
Project("{9A19103F-16F7-4668-BE54-9A1E7A4F7556}") = "Dasync.AzureStorage", "Azure\Storage\Dasync.AzureStorage.csproj", "{2B1D1D3F-9862-4ED3-A6DD-437A40498FA9}"
EndProject
Project("{9A19103F-16F7-4668-BE54-9A1E7A4F7556}") = "Dasync.FabricConnector.AzureStorage", "Azure\Connector.Storage\Dasync.FabricConnector.AzureStorage.csproj", "{781202E7-571F-49FA-A006-3661CA0C8EAE}"
EndProject
Project("{2150E333-8FDC-42A3-9474-1A3956D46DE8}") = "Functions", "Functions", "{BEAB481A-5A85-4BBC-A705-F12DD27CBAE6}"
EndProject
Project("{9A19103F-16F7-4668-BE54-9A1E7A4F7556}") = "Dasync.Fabric.AzureFunctions", "Azure\Functions\Fabric\Dasync.Fabric.AzureFunctions.csproj", "{805D8862-A9DC-45D2-924B-937BF7CEDE3E}"
EndProject
Project("{9A19103F-16F7-4668-BE54-9A1E7A4F7556}") = "Dasync.CloudEvents", "Data\CloudEvents\Dasync.CloudEvents.csproj", "{70CC1713-00F1-49F0-A65C-123F0B241A81}"
EndProject
Project("{9A19103F-16F7-4668-BE54-9A1E7A4F7556}") = "Dasync.Fabric.FileBased", "Fabric\Fabric.FileBased\Dasync.Fabric.FileBased.csproj", "{5366A2C5-3FFF-4101-9BFA-B5BD8B56E4E8}"
EndProject
Project("{2150E333-8FDC-42A3-9474-1A3956D46DE8}") = "Examples", "Examples", "{0103B1F1-8F1D-4DB5-9EE5-CA5E8B970D10}"
EndProject
Project("{9A19103F-16F7-4668-BE54-9A1E7A4F7556}") = "DasyncHelloWorldDemo", "Examples\AzureFunctions\DasyncHelloWorldDemo.csproj", "{DD1E4DDA-D104-4C79-A50E-02AA01CC7956}"
EndProject
Project("{2150E333-8FDC-42A3-9474-1A3956D46DE8}") = "AzureFunctions", "AzureFunctions", "{6417A607-E387-41EF-89F0-DB9A169B1B9C}"
EndProject
Project("{2150E333-8FDC-42A3-9474-1A3956D46DE8}") = "FeatureShowdown", "FeatureShowdown", "{F4A664F5-8907-42D2-B05A-1AB1AF8B2BCA}"
EndProject
Project("{9A19103F-16F7-4668-BE54-9A1E7A4F7556}") = "DasyncFeatures", "Examples\FeatureShowdown\DasyncFeatures.csproj", "{1CFFE7F0-3321-4DC0-894D-8354738B081E}"
EndProject
Project("{9A19103F-16F7-4668-BE54-9A1E7A4F7556}") = "Dasync.Ioc.Autofac", "IoC\IoC.Autofac\Dasync.Ioc.Autofac.csproj", "{CD303982-19D3-4322-B2F0-8048092E32E0}"
EndProject
Project("{9A19103F-16F7-4668-BE54-9A1E7A4F7556}") = "Dasync.Fabric.Sample.Base", "Fabric\Sample.Base\Dasync.Fabric.Sample.Base.csproj", "{AA2EE6FF-DA89-442B-9213-5F2EA28F87DC}"
EndProject
Project("{2150E333-8FDC-42A3-9474-1A3956D46DE8}") = "Modeling", "Modeling", "{C122DEBD-2C90-40B7-BC12-40171E49FA0D}"
EndProject
Project("{9A19103F-16F7-4668-BE54-9A1E7A4F7556}") = "Dasync.Modeling", "Modeling\Dasync.Modeling.csproj", "{2ACC742F-74D4-460B-9FD1-EB8A40EAA363}"
EndProject
Project("{9A19103F-16F7-4668-BE54-9A1E7A4F7556}") = "Dasync.DependencyInjection", "IoC\DependencyInjection\Dasync.DependencyInjection.csproj", "{F328146A-3A72-4A01-8CD4-C700FE04565B}"
EndProject
Project("{9A19103F-16F7-4668-BE54-9A1E7A4F7556}") = "Dasync.Serializers.DomainTypes", "Data\Serializers.DomainTypes\Dasync.Serializers.DomainTypes.csproj", "{C0840DBC-4362-42C8-86AD-B9BCFE231794}"
EndProject
Project("{9A19103F-16F7-4668-BE54-9A1E7A4F7556}") = "Dasync.AspNetCore", "Fabric\AspNetCore\Dasync.AspNetCore.csproj", "{505ECE0D-89CB-44B0-8DF0-75410F6535F3}"
EndProject
Global
	GlobalSection(SolutionConfigurationPlatforms) = preSolution
		Debug|Any CPU = Debug|Any CPU
		Release|Any CPU = Release|Any CPU
	EndGlobalSection
	GlobalSection(ProjectConfigurationPlatforms) = postSolution
		{303B8250-33F0-413A-AAFC-9449DBCEAA59}.Debug|Any CPU.ActiveCfg = Debug|Any CPU
		{303B8250-33F0-413A-AAFC-9449DBCEAA59}.Debug|Any CPU.Build.0 = Debug|Any CPU
		{303B8250-33F0-413A-AAFC-9449DBCEAA59}.Release|Any CPU.ActiveCfg = Release|Any CPU
		{303B8250-33F0-413A-AAFC-9449DBCEAA59}.Release|Any CPU.Build.0 = Release|Any CPU
		{386B0181-E5B8-44C4-BD37-29800CFE8ED2}.Debug|Any CPU.ActiveCfg = Debug|Any CPU
		{386B0181-E5B8-44C4-BD37-29800CFE8ED2}.Debug|Any CPU.Build.0 = Debug|Any CPU
		{386B0181-E5B8-44C4-BD37-29800CFE8ED2}.Release|Any CPU.ActiveCfg = Release|Any CPU
		{386B0181-E5B8-44C4-BD37-29800CFE8ED2}.Release|Any CPU.Build.0 = Release|Any CPU
		{35F6182B-DA8D-40C3-8EE9-623A11119BD9}.Debug|Any CPU.ActiveCfg = Debug|Any CPU
		{35F6182B-DA8D-40C3-8EE9-623A11119BD9}.Debug|Any CPU.Build.0 = Debug|Any CPU
		{35F6182B-DA8D-40C3-8EE9-623A11119BD9}.Release|Any CPU.ActiveCfg = Release|Any CPU
		{35F6182B-DA8D-40C3-8EE9-623A11119BD9}.Release|Any CPU.Build.0 = Release|Any CPU
		{24965ED5-3C4F-4E53-99F6-CA207AB60EBA}.Debug|Any CPU.ActiveCfg = Debug|Any CPU
		{24965ED5-3C4F-4E53-99F6-CA207AB60EBA}.Debug|Any CPU.Build.0 = Debug|Any CPU
		{24965ED5-3C4F-4E53-99F6-CA207AB60EBA}.Release|Any CPU.ActiveCfg = Release|Any CPU
		{24965ED5-3C4F-4E53-99F6-CA207AB60EBA}.Release|Any CPU.Build.0 = Release|Any CPU
		{EBCAA94F-F6C2-497E-87AE-3A1AF76B6A8C}.Debug|Any CPU.ActiveCfg = Debug|Any CPU
		{EBCAA94F-F6C2-497E-87AE-3A1AF76B6A8C}.Debug|Any CPU.Build.0 = Debug|Any CPU
		{EBCAA94F-F6C2-497E-87AE-3A1AF76B6A8C}.Release|Any CPU.ActiveCfg = Release|Any CPU
		{EBCAA94F-F6C2-497E-87AE-3A1AF76B6A8C}.Release|Any CPU.Build.0 = Release|Any CPU
		{EDE692A0-6A18-4A6A-AFB8-53D35F6DEDEB}.Debug|Any CPU.ActiveCfg = Debug|Any CPU
		{EDE692A0-6A18-4A6A-AFB8-53D35F6DEDEB}.Debug|Any CPU.Build.0 = Debug|Any CPU
		{EDE692A0-6A18-4A6A-AFB8-53D35F6DEDEB}.Release|Any CPU.ActiveCfg = Release|Any CPU
		{EDE692A0-6A18-4A6A-AFB8-53D35F6DEDEB}.Release|Any CPU.Build.0 = Release|Any CPU
		{B9A20F8E-7386-4FE4-826C-F861293C0D0E}.Debug|Any CPU.ActiveCfg = Debug|Any CPU
		{B9A20F8E-7386-4FE4-826C-F861293C0D0E}.Debug|Any CPU.Build.0 = Debug|Any CPU
		{B9A20F8E-7386-4FE4-826C-F861293C0D0E}.Release|Any CPU.ActiveCfg = Release|Any CPU
		{B9A20F8E-7386-4FE4-826C-F861293C0D0E}.Release|Any CPU.Build.0 = Release|Any CPU
		{4769F440-586E-45C0-918E-FE26647C2ADF}.Debug|Any CPU.ActiveCfg = Debug|Any CPU
		{4769F440-586E-45C0-918E-FE26647C2ADF}.Debug|Any CPU.Build.0 = Debug|Any CPU
		{4769F440-586E-45C0-918E-FE26647C2ADF}.Release|Any CPU.ActiveCfg = Release|Any CPU
		{4769F440-586E-45C0-918E-FE26647C2ADF}.Release|Any CPU.Build.0 = Release|Any CPU
		{76D2D6AA-87AF-4E6C-AA99-B0501F2F3B82}.Debug|Any CPU.ActiveCfg = Debug|Any CPU
		{76D2D6AA-87AF-4E6C-AA99-B0501F2F3B82}.Debug|Any CPU.Build.0 = Debug|Any CPU
		{76D2D6AA-87AF-4E6C-AA99-B0501F2F3B82}.Release|Any CPU.ActiveCfg = Release|Any CPU
		{76D2D6AA-87AF-4E6C-AA99-B0501F2F3B82}.Release|Any CPU.Build.0 = Release|Any CPU
		{97BD91D0-0F38-4F68-99D8-C4C3C1E1B374}.Debug|Any CPU.ActiveCfg = Debug|Any CPU
		{97BD91D0-0F38-4F68-99D8-C4C3C1E1B374}.Debug|Any CPU.Build.0 = Debug|Any CPU
		{97BD91D0-0F38-4F68-99D8-C4C3C1E1B374}.Release|Any CPU.ActiveCfg = Release|Any CPU
		{97BD91D0-0F38-4F68-99D8-C4C3C1E1B374}.Release|Any CPU.Build.0 = Release|Any CPU
		{6B43C928-D90B-40FA-ABBC-9B1E048F0CB5}.Debug|Any CPU.ActiveCfg = Debug|Any CPU
		{6B43C928-D90B-40FA-ABBC-9B1E048F0CB5}.Debug|Any CPU.Build.0 = Debug|Any CPU
		{6B43C928-D90B-40FA-ABBC-9B1E048F0CB5}.Release|Any CPU.ActiveCfg = Release|Any CPU
		{6B43C928-D90B-40FA-ABBC-9B1E048F0CB5}.Release|Any CPU.Build.0 = Release|Any CPU
		{31D7B8E3-3CA9-456D-8177-8ECA26CD72BD}.Debug|Any CPU.ActiveCfg = Debug|Any CPU
		{31D7B8E3-3CA9-456D-8177-8ECA26CD72BD}.Debug|Any CPU.Build.0 = Debug|Any CPU
		{31D7B8E3-3CA9-456D-8177-8ECA26CD72BD}.Release|Any CPU.ActiveCfg = Release|Any CPU
		{31D7B8E3-3CA9-456D-8177-8ECA26CD72BD}.Release|Any CPU.Build.0 = Release|Any CPU
		{E002C8AD-9346-40EA-B32A-71A7A5F9357C}.Debug|Any CPU.ActiveCfg = Debug|Any CPU
		{E002C8AD-9346-40EA-B32A-71A7A5F9357C}.Debug|Any CPU.Build.0 = Debug|Any CPU
		{E002C8AD-9346-40EA-B32A-71A7A5F9357C}.Release|Any CPU.ActiveCfg = Release|Any CPU
		{E002C8AD-9346-40EA-B32A-71A7A5F9357C}.Release|Any CPU.Build.0 = Release|Any CPU
		{D3DC9B4B-3037-489E-8121-A6C22C10A0AA}.Debug|Any CPU.ActiveCfg = Debug|Any CPU
		{D3DC9B4B-3037-489E-8121-A6C22C10A0AA}.Debug|Any CPU.Build.0 = Debug|Any CPU
		{D3DC9B4B-3037-489E-8121-A6C22C10A0AA}.Release|Any CPU.ActiveCfg = Release|Any CPU
		{D3DC9B4B-3037-489E-8121-A6C22C10A0AA}.Release|Any CPU.Build.0 = Release|Any CPU
		{FBE7CF9E-A854-4FE0-8D4D-DA370560CB97}.Debug|Any CPU.ActiveCfg = Debug|Any CPU
		{FBE7CF9E-A854-4FE0-8D4D-DA370560CB97}.Debug|Any CPU.Build.0 = Debug|Any CPU
		{FBE7CF9E-A854-4FE0-8D4D-DA370560CB97}.Release|Any CPU.ActiveCfg = Release|Any CPU
		{FBE7CF9E-A854-4FE0-8D4D-DA370560CB97}.Release|Any CPU.Build.0 = Release|Any CPU
		{2B1D1D3F-9862-4ED3-A6DD-437A40498FA9}.Debug|Any CPU.ActiveCfg = Debug|Any CPU
		{2B1D1D3F-9862-4ED3-A6DD-437A40498FA9}.Debug|Any CPU.Build.0 = Debug|Any CPU
		{2B1D1D3F-9862-4ED3-A6DD-437A40498FA9}.Release|Any CPU.ActiveCfg = Release|Any CPU
		{2B1D1D3F-9862-4ED3-A6DD-437A40498FA9}.Release|Any CPU.Build.0 = Release|Any CPU
		{781202E7-571F-49FA-A006-3661CA0C8EAE}.Debug|Any CPU.ActiveCfg = Debug|Any CPU
		{781202E7-571F-49FA-A006-3661CA0C8EAE}.Debug|Any CPU.Build.0 = Debug|Any CPU
		{781202E7-571F-49FA-A006-3661CA0C8EAE}.Release|Any CPU.ActiveCfg = Release|Any CPU
		{781202E7-571F-49FA-A006-3661CA0C8EAE}.Release|Any CPU.Build.0 = Release|Any CPU
		{805D8862-A9DC-45D2-924B-937BF7CEDE3E}.Debug|Any CPU.ActiveCfg = Debug|Any CPU
		{805D8862-A9DC-45D2-924B-937BF7CEDE3E}.Debug|Any CPU.Build.0 = Debug|Any CPU
		{805D8862-A9DC-45D2-924B-937BF7CEDE3E}.Release|Any CPU.ActiveCfg = Release|Any CPU
		{805D8862-A9DC-45D2-924B-937BF7CEDE3E}.Release|Any CPU.Build.0 = Release|Any CPU
		{70CC1713-00F1-49F0-A65C-123F0B241A81}.Debug|Any CPU.ActiveCfg = Debug|Any CPU
		{70CC1713-00F1-49F0-A65C-123F0B241A81}.Debug|Any CPU.Build.0 = Debug|Any CPU
		{70CC1713-00F1-49F0-A65C-123F0B241A81}.Release|Any CPU.ActiveCfg = Release|Any CPU
		{70CC1713-00F1-49F0-A65C-123F0B241A81}.Release|Any CPU.Build.0 = Release|Any CPU
		{5366A2C5-3FFF-4101-9BFA-B5BD8B56E4E8}.Debug|Any CPU.ActiveCfg = Debug|Any CPU
		{5366A2C5-3FFF-4101-9BFA-B5BD8B56E4E8}.Debug|Any CPU.Build.0 = Debug|Any CPU
		{5366A2C5-3FFF-4101-9BFA-B5BD8B56E4E8}.Release|Any CPU.ActiveCfg = Release|Any CPU
		{5366A2C5-3FFF-4101-9BFA-B5BD8B56E4E8}.Release|Any CPU.Build.0 = Release|Any CPU
		{DD1E4DDA-D104-4C79-A50E-02AA01CC7956}.Debug|Any CPU.ActiveCfg = Debug|Any CPU
		{DD1E4DDA-D104-4C79-A50E-02AA01CC7956}.Debug|Any CPU.Build.0 = Debug|Any CPU
		{DD1E4DDA-D104-4C79-A50E-02AA01CC7956}.Release|Any CPU.ActiveCfg = Release|Any CPU
		{DD1E4DDA-D104-4C79-A50E-02AA01CC7956}.Release|Any CPU.Build.0 = Release|Any CPU
		{1CFFE7F0-3321-4DC0-894D-8354738B081E}.Debug|Any CPU.ActiveCfg = Debug|Any CPU
		{1CFFE7F0-3321-4DC0-894D-8354738B081E}.Debug|Any CPU.Build.0 = Debug|Any CPU
		{1CFFE7F0-3321-4DC0-894D-8354738B081E}.Release|Any CPU.ActiveCfg = Release|Any CPU
		{1CFFE7F0-3321-4DC0-894D-8354738B081E}.Release|Any CPU.Build.0 = Release|Any CPU
		{CD303982-19D3-4322-B2F0-8048092E32E0}.Debug|Any CPU.ActiveCfg = Debug|Any CPU
		{CD303982-19D3-4322-B2F0-8048092E32E0}.Debug|Any CPU.Build.0 = Debug|Any CPU
		{CD303982-19D3-4322-B2F0-8048092E32E0}.Release|Any CPU.ActiveCfg = Release|Any CPU
		{CD303982-19D3-4322-B2F0-8048092E32E0}.Release|Any CPU.Build.0 = Release|Any CPU
		{AA2EE6FF-DA89-442B-9213-5F2EA28F87DC}.Debug|Any CPU.ActiveCfg = Debug|Any CPU
		{AA2EE6FF-DA89-442B-9213-5F2EA28F87DC}.Debug|Any CPU.Build.0 = Debug|Any CPU
		{AA2EE6FF-DA89-442B-9213-5F2EA28F87DC}.Release|Any CPU.ActiveCfg = Release|Any CPU
		{AA2EE6FF-DA89-442B-9213-5F2EA28F87DC}.Release|Any CPU.Build.0 = Release|Any CPU
		{2ACC742F-74D4-460B-9FD1-EB8A40EAA363}.Debug|Any CPU.ActiveCfg = Debug|Any CPU
		{2ACC742F-74D4-460B-9FD1-EB8A40EAA363}.Debug|Any CPU.Build.0 = Debug|Any CPU
		{2ACC742F-74D4-460B-9FD1-EB8A40EAA363}.Release|Any CPU.ActiveCfg = Release|Any CPU
		{2ACC742F-74D4-460B-9FD1-EB8A40EAA363}.Release|Any CPU.Build.0 = Release|Any CPU
		{F328146A-3A72-4A01-8CD4-C700FE04565B}.Debug|Any CPU.ActiveCfg = Debug|Any CPU
		{F328146A-3A72-4A01-8CD4-C700FE04565B}.Debug|Any CPU.Build.0 = Debug|Any CPU
		{F328146A-3A72-4A01-8CD4-C700FE04565B}.Release|Any CPU.ActiveCfg = Release|Any CPU
		{F328146A-3A72-4A01-8CD4-C700FE04565B}.Release|Any CPU.Build.0 = Release|Any CPU
		{C0840DBC-4362-42C8-86AD-B9BCFE231794}.Debug|Any CPU.ActiveCfg = Debug|Any CPU
		{C0840DBC-4362-42C8-86AD-B9BCFE231794}.Debug|Any CPU.Build.0 = Debug|Any CPU
		{C0840DBC-4362-42C8-86AD-B9BCFE231794}.Release|Any CPU.ActiveCfg = Release|Any CPU
		{C0840DBC-4362-42C8-86AD-B9BCFE231794}.Release|Any CPU.Build.0 = Release|Any CPU
		{505ECE0D-89CB-44B0-8DF0-75410F6535F3}.Debug|Any CPU.ActiveCfg = Debug|Any CPU
		{505ECE0D-89CB-44B0-8DF0-75410F6535F3}.Debug|Any CPU.Build.0 = Debug|Any CPU
		{505ECE0D-89CB-44B0-8DF0-75410F6535F3}.Release|Any CPU.ActiveCfg = Release|Any CPU
		{505ECE0D-89CB-44B0-8DF0-75410F6535F3}.Release|Any CPU.Build.0 = Release|Any CPU
	EndGlobalSection
	GlobalSection(SolutionProperties) = preSolution
		HideSolutionNode = FALSE
	EndGlobalSection
	GlobalSection(NestedProjects) = preSolution
		{303B8250-33F0-413A-AAFC-9449DBCEAA59} = {45C9E14F-A562-4E97-8751-8723709661B8}
		{386B0181-E5B8-44C4-BD37-29800CFE8ED2} = {45C9E14F-A562-4E97-8751-8723709661B8}
		{35F6182B-DA8D-40C3-8EE9-623A11119BD9} = {45C9E14F-A562-4E97-8751-8723709661B8}
		{24965ED5-3C4F-4E53-99F6-CA207AB60EBA} = {45C9E14F-A562-4E97-8751-8723709661B8}
		{EBCAA94F-F6C2-497E-87AE-3A1AF76B6A8C} = {45C9E14F-A562-4E97-8751-8723709661B8}
		{EDE692A0-6A18-4A6A-AFB8-53D35F6DEDEB} = {BDDDE05B-3CFC-4A50-8EFE-9C24A8ABBC4A}
		{B9A20F8E-7386-4FE4-826C-F861293C0D0E} = {BDDDE05B-3CFC-4A50-8EFE-9C24A8ABBC4A}
		{4769F440-586E-45C0-918E-FE26647C2ADF} = {81C41737-C414-4C5F-9E9C-678EEC7AF48B}
		{76D2D6AA-87AF-4E6C-AA99-B0501F2F3B82} = {81C41737-C414-4C5F-9E9C-678EEC7AF48B}
		{97BD91D0-0F38-4F68-99D8-C4C3C1E1B374} = {81C41737-C414-4C5F-9E9C-678EEC7AF48B}
		{6B43C928-D90B-40FA-ABBC-9B1E048F0CB5} = {81C41737-C414-4C5F-9E9C-678EEC7AF48B}
		{31D7B8E3-3CA9-456D-8177-8ECA26CD72BD} = {81C41737-C414-4C5F-9E9C-678EEC7AF48B}
		{E002C8AD-9346-40EA-B32A-71A7A5F9357C} = {79D23AA5-2B44-49EF-B25B-EE784E5F68EE}
		{D3DC9B4B-3037-489E-8121-A6C22C10A0AA} = {79D23AA5-2B44-49EF-B25B-EE784E5F68EE}
		{FBE7CF9E-A854-4FE0-8D4D-DA370560CB97} = {79D23AA5-2B44-49EF-B25B-EE784E5F68EE}
		{2B1D1D3F-9862-4ED3-A6DD-437A40498FA9} = {9A50D63D-AD2B-4A69-B48E-6931C295DB96}
		{781202E7-571F-49FA-A006-3661CA0C8EAE} = {9A50D63D-AD2B-4A69-B48E-6931C295DB96}
		{BEAB481A-5A85-4BBC-A705-F12DD27CBAE6} = {9A50D63D-AD2B-4A69-B48E-6931C295DB96}
		{805D8862-A9DC-45D2-924B-937BF7CEDE3E} = {BEAB481A-5A85-4BBC-A705-F12DD27CBAE6}
		{70CC1713-00F1-49F0-A65C-123F0B241A81} = {45C9E14F-A562-4E97-8751-8723709661B8}
		{5366A2C5-3FFF-4101-9BFA-B5BD8B56E4E8} = {79D23AA5-2B44-49EF-B25B-EE784E5F68EE}
		{DD1E4DDA-D104-4C79-A50E-02AA01CC7956} = {6417A607-E387-41EF-89F0-DB9A169B1B9C}
		{6417A607-E387-41EF-89F0-DB9A169B1B9C} = {0103B1F1-8F1D-4DB5-9EE5-CA5E8B970D10}
		{F4A664F5-8907-42D2-B05A-1AB1AF8B2BCA} = {0103B1F1-8F1D-4DB5-9EE5-CA5E8B970D10}
		{1CFFE7F0-3321-4DC0-894D-8354738B081E} = {F4A664F5-8907-42D2-B05A-1AB1AF8B2BCA}
		{CD303982-19D3-4322-B2F0-8048092E32E0} = {BDDDE05B-3CFC-4A50-8EFE-9C24A8ABBC4A}
		{AA2EE6FF-DA89-442B-9213-5F2EA28F87DC} = {79D23AA5-2B44-49EF-B25B-EE784E5F68EE}
		{2ACC742F-74D4-460B-9FD1-EB8A40EAA363} = {C122DEBD-2C90-40B7-BC12-40171E49FA0D}
		{F328146A-3A72-4A01-8CD4-C700FE04565B} = {BDDDE05B-3CFC-4A50-8EFE-9C24A8ABBC4A}
		{C0840DBC-4362-42C8-86AD-B9BCFE231794} = {45C9E14F-A562-4E97-8751-8723709661B8}
		{505ECE0D-89CB-44B0-8DF0-75410F6535F3} = {79D23AA5-2B44-49EF-B25B-EE784E5F68EE}
	EndGlobalSection
	GlobalSection(ExtensibilityGlobals) = postSolution
		SolutionGuid = {F8B4417C-1BAD-421A-9164-89A427E53FA2}
	EndGlobalSection
EndGlobal
