
Microsoft Visual Studio Solution File, Format Version 12.00
# Visual Studio Version 16
VisualStudioVersion = 16.0.29306.81
MinimumVisualStudioVersion = 10.0.40219.1
Project("{9A19103F-16F7-4668-BE54-9A1E7A4F7556}") = "Dasync.ValueContainer", "Data\ValueContainer\Dasync.ValueContainer.csproj", "{303B8250-33F0-413A-AAFC-9449DBCEAA59}"
EndProject
Project("{2150E333-8FDC-42A3-9474-1A3956D46DE8}") = "Data", "Data", "{45C9E14F-A562-4E97-8751-8723709661B8}"
EndProject
Project("{9A19103F-16F7-4668-BE54-9A1E7A4F7556}") = "Dasync.Serialization", "Data\Serialization\Dasync.Serialization.csproj", "{386B0181-E5B8-44C4-BD37-29800CFE8ED2}"
EndProject
Project("{9A19103F-16F7-4668-BE54-9A1E7A4F7556}") = "Dasync.Serialization.Json", "Data\Serialization.Json\Dasync.Serialization.Json.csproj", "{35F6182B-DA8D-40C3-8EE9-623A11119BD9}"
EndProject
Project("{9A19103F-16F7-4668-BE54-9A1E7A4F7556}") = "Dasync.Serializers.EETypes", "Data\Serializers.EETypes\Dasync.Serializers.EETypes.csproj", "{24965ED5-3C4F-4E53-99F6-CA207AB60EBA}"
EndProject
Project("{9A19103F-16F7-4668-BE54-9A1E7A4F7556}") = "Dasync.Serializers.StandardTypes", "Data\Serializers.StandardTypes\Dasync.Serializers.StandardTypes.csproj", "{EBCAA94F-F6C2-497E-87AE-3A1AF76B6A8C}"
EndProject
Project("{2150E333-8FDC-42A3-9474-1A3956D46DE8}") = "IoC", "IoC", "{BDDDE05B-3CFC-4A50-8EFE-9C24A8ABBC4A}"
EndProject
Project("{2150E333-8FDC-42A3-9474-1A3956D46DE8}") = "Engine", "Engine", "{81C41737-C414-4C5F-9E9C-678EEC7AF48B}"
EndProject
Project("{9A19103F-16F7-4668-BE54-9A1E7A4F7556}") = "Dasync.Accessors", "Engine\Accessors\Dasync.Accessors.csproj", "{4769F440-586E-45C0-918E-FE26647C2ADF}"
EndProject
Project("{9A19103F-16F7-4668-BE54-9A1E7A4F7556}") = "Dasync.AsyncStateMachine", "Engine\AsyncStateMachine\Dasync.AsyncStateMachine.csproj", "{76D2D6AA-87AF-4E6C-AA99-B0501F2F3B82}"
EndProject
Project("{9A19103F-16F7-4668-BE54-9A1E7A4F7556}") = "Dasync.EETypes", "Engine\EETypes\Dasync.EETypes.csproj", "{97BD91D0-0F38-4F68-99D8-C4C3C1E1B374}"
EndProject
Project("{9A19103F-16F7-4668-BE54-9A1E7A4F7556}") = "Dasync.ExecutionEngine", "Engine\ExecutionEngine\Dasync.ExecutionEngine.csproj", "{6B43C928-D90B-40FA-ABBC-9B1E048F0CB5}"
EndProject
Project("{9A19103F-16F7-4668-BE54-9A1E7A4F7556}") = "Dasync.Proxy", "Engine\Proxy\Dasync.Proxy.csproj", "{31D7B8E3-3CA9-456D-8177-8ECA26CD72BD}"
EndProject
Project("{2150E333-8FDC-42A3-9474-1A3956D46DE8}") = "Examples", "Examples", "{0103B1F1-8F1D-4DB5-9EE5-CA5E8B970D10}"
EndProject
Project("{2150E333-8FDC-42A3-9474-1A3956D46DE8}") = "Modeling", "Modeling", "{C122DEBD-2C90-40B7-BC12-40171E49FA0D}"
EndProject
Project("{9A19103F-16F7-4668-BE54-9A1E7A4F7556}") = "Dasync.Modeling", "Modeling\Dasync.Modeling.csproj", "{2ACC742F-74D4-460B-9FD1-EB8A40EAA363}"
EndProject
Project("{9A19103F-16F7-4668-BE54-9A1E7A4F7556}") = "Dasync.DependencyInjection", "IoC\DependencyInjection\Dasync.DependencyInjection.csproj", "{F328146A-3A72-4A01-8CD4-C700FE04565B}"
EndProject
Project("{9A19103F-16F7-4668-BE54-9A1E7A4F7556}") = "Dasync.Serializers.DomainTypes", "Data\Serializers.DomainTypes\Dasync.Serializers.DomainTypes.csproj", "{C0840DBC-4362-42C8-86AD-B9BCFE231794}"
EndProject
Project("{9A19103F-16F7-4668-BE54-9A1E7A4F7556}") = "Dasync.EntityFrameworkCore", "Data\EFCore\Dasync.EntityFrameworkCore.csproj", "{72F36A99-4B54-48BB-901D-DFD6D0689F7C}"
EndProject
Project("{9A19103F-16F7-4668-BE54-9A1E7A4F7556}") = "Dasync.Projections", "Data\Projections\Dasync.Projections.csproj", "{90A6B5B8-2547-4E50-A930-37CCEF4A3917}"
EndProject
Project("{9A19103F-16F7-4668-BE54-9A1E7A4F7556}") = "Dasync.Serialization.DasyncJson", "Data\Serialization.DasyncJson\Dasync.Serialization.DasyncJson.csproj", "{4D9CFFB0-207B-40B2-8BEF-3034D05C42A5}"
EndProject
Project("{2150E333-8FDC-42A3-9474-1A3956D46DE8}") = "Communication", "Communication", "{E9E13D4C-4AF7-40AF-9A2E-B50250E72128}"
EndProject
Project("{2150E333-8FDC-42A3-9474-1A3956D46DE8}") = "Persistence", "Persistence", "{77852154-A737-4DBC-9A06-1E1C543A226A}"
EndProject
Project("{9A19103F-16F7-4668-BE54-9A1E7A4F7556}") = "Dasync.Persistence.InMemory", "Persistence\InMemory\Dasync.Persistence.InMemory.csproj", "{112BA520-1A37-41D1-8571-E1D45D2C5226}"
EndProject
Project("{9A19103F-16F7-4668-BE54-9A1E7A4F7556}") = "Dasync.Persistence.FileSystem", "Persistence\FileSystem\Dasync.Persistence.FileSystem.csproj", "{06EA5455-C54B-45E3-BF5F-65975CBC66F6}"
EndProject
Project("{9A19103F-16F7-4668-BE54-9A1E7A4F7556}") = "Dasync.Communication.InMemory", "Communication\InMemory\Dasync.Communication.InMemory.csproj", "{67C295ED-E999-44C3-9084-8267F63A5AEA}"
EndProject
Project("{9A19103F-16F7-4668-BE54-9A1E7A4F7556}") = "EmulatedDemo", "Examples\Emulation\EmulatedDemo.csproj", "{F13B7BF6-DE5F-4850-93C6-8F8C495FB1F5}"
EndProject
Project("{9A19103F-16F7-4668-BE54-9A1E7A4F7556}") = "Dasync.Communication.Http", "Communication\Http\Dasync.Communication.Http.csproj", "{7C7876F8-B953-4C0F-928D-9FA371AD3E05}"
EndProject
Global
	GlobalSection(SolutionConfigurationPlatforms) = preSolution
		Debug|Any CPU = Debug|Any CPU
		Release|Any CPU = Release|Any CPU
	EndGlobalSection
	GlobalSection(ProjectConfigurationPlatforms) = postSolution
		{303B8250-33F0-413A-AAFC-9449DBCEAA59}.Debug|Any CPU.ActiveCfg = Debug|Any CPU
		{303B8250-33F0-413A-AAFC-9449DBCEAA59}.Debug|Any CPU.Build.0 = Debug|Any CPU
		{303B8250-33F0-413A-AAFC-9449DBCEAA59}.Release|Any CPU.ActiveCfg = Release|Any CPU
		{303B8250-33F0-413A-AAFC-9449DBCEAA59}.Release|Any CPU.Build.0 = Release|Any CPU
		{386B0181-E5B8-44C4-BD37-29800CFE8ED2}.Debug|Any CPU.ActiveCfg = Debug|Any CPU
		{386B0181-E5B8-44C4-BD37-29800CFE8ED2}.Debug|Any CPU.Build.0 = Debug|Any CPU
		{386B0181-E5B8-44C4-BD37-29800CFE8ED2}.Release|Any CPU.ActiveCfg = Release|Any CPU
		{386B0181-E5B8-44C4-BD37-29800CFE8ED2}.Release|Any CPU.Build.0 = Release|Any CPU
		{35F6182B-DA8D-40C3-8EE9-623A11119BD9}.Debug|Any CPU.ActiveCfg = Debug|Any CPU
		{35F6182B-DA8D-40C3-8EE9-623A11119BD9}.Debug|Any CPU.Build.0 = Debug|Any CPU
		{35F6182B-DA8D-40C3-8EE9-623A11119BD9}.Release|Any CPU.ActiveCfg = Release|Any CPU
		{35F6182B-DA8D-40C3-8EE9-623A11119BD9}.Release|Any CPU.Build.0 = Release|Any CPU
		{24965ED5-3C4F-4E53-99F6-CA207AB60EBA}.Debug|Any CPU.ActiveCfg = Debug|Any CPU
		{24965ED5-3C4F-4E53-99F6-CA207AB60EBA}.Debug|Any CPU.Build.0 = Debug|Any CPU
		{24965ED5-3C4F-4E53-99F6-CA207AB60EBA}.Release|Any CPU.ActiveCfg = Release|Any CPU
		{24965ED5-3C4F-4E53-99F6-CA207AB60EBA}.Release|Any CPU.Build.0 = Release|Any CPU
		{EBCAA94F-F6C2-497E-87AE-3A1AF76B6A8C}.Debug|Any CPU.ActiveCfg = Debug|Any CPU
		{EBCAA94F-F6C2-497E-87AE-3A1AF76B6A8C}.Debug|Any CPU.Build.0 = Debug|Any CPU
		{EBCAA94F-F6C2-497E-87AE-3A1AF76B6A8C}.Release|Any CPU.ActiveCfg = Release|Any CPU
		{EBCAA94F-F6C2-497E-87AE-3A1AF76B6A8C}.Release|Any CPU.Build.0 = Release|Any CPU
		{4769F440-586E-45C0-918E-FE26647C2ADF}.Debug|Any CPU.ActiveCfg = Debug|Any CPU
		{4769F440-586E-45C0-918E-FE26647C2ADF}.Debug|Any CPU.Build.0 = Debug|Any CPU
		{4769F440-586E-45C0-918E-FE26647C2ADF}.Release|Any CPU.ActiveCfg = Release|Any CPU
		{4769F440-586E-45C0-918E-FE26647C2ADF}.Release|Any CPU.Build.0 = Release|Any CPU
		{76D2D6AA-87AF-4E6C-AA99-B0501F2F3B82}.Debug|Any CPU.ActiveCfg = Debug|Any CPU
		{76D2D6AA-87AF-4E6C-AA99-B0501F2F3B82}.Debug|Any CPU.Build.0 = Debug|Any CPU
		{76D2D6AA-87AF-4E6C-AA99-B0501F2F3B82}.Release|Any CPU.ActiveCfg = Release|Any CPU
		{76D2D6AA-87AF-4E6C-AA99-B0501F2F3B82}.Release|Any CPU.Build.0 = Release|Any CPU
		{97BD91D0-0F38-4F68-99D8-C4C3C1E1B374}.Debug|Any CPU.ActiveCfg = Debug|Any CPU
		{97BD91D0-0F38-4F68-99D8-C4C3C1E1B374}.Debug|Any CPU.Build.0 = Debug|Any CPU
		{97BD91D0-0F38-4F68-99D8-C4C3C1E1B374}.Release|Any CPU.ActiveCfg = Release|Any CPU
		{97BD91D0-0F38-4F68-99D8-C4C3C1E1B374}.Release|Any CPU.Build.0 = Release|Any CPU
		{6B43C928-D90B-40FA-ABBC-9B1E048F0CB5}.Debug|Any CPU.ActiveCfg = Debug|Any CPU
		{6B43C928-D90B-40FA-ABBC-9B1E048F0CB5}.Debug|Any CPU.Build.0 = Debug|Any CPU
		{6B43C928-D90B-40FA-ABBC-9B1E048F0CB5}.Release|Any CPU.ActiveCfg = Release|Any CPU
		{6B43C928-D90B-40FA-ABBC-9B1E048F0CB5}.Release|Any CPU.Build.0 = Release|Any CPU
		{31D7B8E3-3CA9-456D-8177-8ECA26CD72BD}.Debug|Any CPU.ActiveCfg = Debug|Any CPU
		{31D7B8E3-3CA9-456D-8177-8ECA26CD72BD}.Debug|Any CPU.Build.0 = Debug|Any CPU
		{31D7B8E3-3CA9-456D-8177-8ECA26CD72BD}.Release|Any CPU.ActiveCfg = Release|Any CPU
		{31D7B8E3-3CA9-456D-8177-8ECA26CD72BD}.Release|Any CPU.Build.0 = Release|Any CPU
		{2ACC742F-74D4-460B-9FD1-EB8A40EAA363}.Debug|Any CPU.ActiveCfg = Debug|Any CPU
		{2ACC742F-74D4-460B-9FD1-EB8A40EAA363}.Debug|Any CPU.Build.0 = Debug|Any CPU
		{2ACC742F-74D4-460B-9FD1-EB8A40EAA363}.Release|Any CPU.ActiveCfg = Release|Any CPU
		{2ACC742F-74D4-460B-9FD1-EB8A40EAA363}.Release|Any CPU.Build.0 = Release|Any CPU
		{F328146A-3A72-4A01-8CD4-C700FE04565B}.Debug|Any CPU.ActiveCfg = Debug|Any CPU
		{F328146A-3A72-4A01-8CD4-C700FE04565B}.Debug|Any CPU.Build.0 = Debug|Any CPU
		{F328146A-3A72-4A01-8CD4-C700FE04565B}.Release|Any CPU.ActiveCfg = Release|Any CPU
		{F328146A-3A72-4A01-8CD4-C700FE04565B}.Release|Any CPU.Build.0 = Release|Any CPU
		{C0840DBC-4362-42C8-86AD-B9BCFE231794}.Debug|Any CPU.ActiveCfg = Debug|Any CPU
		{C0840DBC-4362-42C8-86AD-B9BCFE231794}.Debug|Any CPU.Build.0 = Debug|Any CPU
		{C0840DBC-4362-42C8-86AD-B9BCFE231794}.Release|Any CPU.ActiveCfg = Release|Any CPU
		{C0840DBC-4362-42C8-86AD-B9BCFE231794}.Release|Any CPU.Build.0 = Release|Any CPU
		{72F36A99-4B54-48BB-901D-DFD6D0689F7C}.Debug|Any CPU.ActiveCfg = Debug|Any CPU
		{72F36A99-4B54-48BB-901D-DFD6D0689F7C}.Debug|Any CPU.Build.0 = Debug|Any CPU
		{72F36A99-4B54-48BB-901D-DFD6D0689F7C}.Release|Any CPU.ActiveCfg = Release|Any CPU
		{72F36A99-4B54-48BB-901D-DFD6D0689F7C}.Release|Any CPU.Build.0 = Release|Any CPU
		{90A6B5B8-2547-4E50-A930-37CCEF4A3917}.Debug|Any CPU.ActiveCfg = Debug|Any CPU
		{90A6B5B8-2547-4E50-A930-37CCEF4A3917}.Debug|Any CPU.Build.0 = Debug|Any CPU
		{90A6B5B8-2547-4E50-A930-37CCEF4A3917}.Release|Any CPU.ActiveCfg = Release|Any CPU
		{90A6B5B8-2547-4E50-A930-37CCEF4A3917}.Release|Any CPU.Build.0 = Release|Any CPU
		{4D9CFFB0-207B-40B2-8BEF-3034D05C42A5}.Debug|Any CPU.ActiveCfg = Debug|Any CPU
		{4D9CFFB0-207B-40B2-8BEF-3034D05C42A5}.Debug|Any CPU.Build.0 = Debug|Any CPU
		{4D9CFFB0-207B-40B2-8BEF-3034D05C42A5}.Release|Any CPU.ActiveCfg = Release|Any CPU
		{4D9CFFB0-207B-40B2-8BEF-3034D05C42A5}.Release|Any CPU.Build.0 = Release|Any CPU
		{112BA520-1A37-41D1-8571-E1D45D2C5226}.Debug|Any CPU.ActiveCfg = Debug|Any CPU
		{112BA520-1A37-41D1-8571-E1D45D2C5226}.Debug|Any CPU.Build.0 = Debug|Any CPU
		{112BA520-1A37-41D1-8571-E1D45D2C5226}.Release|Any CPU.ActiveCfg = Release|Any CPU
		{112BA520-1A37-41D1-8571-E1D45D2C5226}.Release|Any CPU.Build.0 = Release|Any CPU
		{06EA5455-C54B-45E3-BF5F-65975CBC66F6}.Debug|Any CPU.ActiveCfg = Debug|Any CPU
		{06EA5455-C54B-45E3-BF5F-65975CBC66F6}.Debug|Any CPU.Build.0 = Debug|Any CPU
		{06EA5455-C54B-45E3-BF5F-65975CBC66F6}.Release|Any CPU.ActiveCfg = Release|Any CPU
		{06EA5455-C54B-45E3-BF5F-65975CBC66F6}.Release|Any CPU.Build.0 = Release|Any CPU
		{67C295ED-E999-44C3-9084-8267F63A5AEA}.Debug|Any CPU.ActiveCfg = Debug|Any CPU
		{67C295ED-E999-44C3-9084-8267F63A5AEA}.Debug|Any CPU.Build.0 = Debug|Any CPU
		{67C295ED-E999-44C3-9084-8267F63A5AEA}.Release|Any CPU.ActiveCfg = Release|Any CPU
		{67C295ED-E999-44C3-9084-8267F63A5AEA}.Release|Any CPU.Build.0 = Release|Any CPU
		{F13B7BF6-DE5F-4850-93C6-8F8C495FB1F5}.Debug|Any CPU.ActiveCfg = Debug|Any CPU
		{F13B7BF6-DE5F-4850-93C6-8F8C495FB1F5}.Debug|Any CPU.Build.0 = Debug|Any CPU
		{F13B7BF6-DE5F-4850-93C6-8F8C495FB1F5}.Release|Any CPU.ActiveCfg = Release|Any CPU
		{F13B7BF6-DE5F-4850-93C6-8F8C495FB1F5}.Release|Any CPU.Build.0 = Release|Any CPU
		{7C7876F8-B953-4C0F-928D-9FA371AD3E05}.Debug|Any CPU.ActiveCfg = Debug|Any CPU
		{7C7876F8-B953-4C0F-928D-9FA371AD3E05}.Debug|Any CPU.Build.0 = Debug|Any CPU
		{7C7876F8-B953-4C0F-928D-9FA371AD3E05}.Release|Any CPU.ActiveCfg = Release|Any CPU
		{7C7876F8-B953-4C0F-928D-9FA371AD3E05}.Release|Any CPU.Build.0 = Release|Any CPU
	EndGlobalSection
	GlobalSection(SolutionProperties) = preSolution
		HideSolutionNode = FALSE
	EndGlobalSection
	GlobalSection(NestedProjects) = preSolution
		{303B8250-33F0-413A-AAFC-9449DBCEAA59} = {45C9E14F-A562-4E97-8751-8723709661B8}
		{386B0181-E5B8-44C4-BD37-29800CFE8ED2} = {45C9E14F-A562-4E97-8751-8723709661B8}
		{35F6182B-DA8D-40C3-8EE9-623A11119BD9} = {45C9E14F-A562-4E97-8751-8723709661B8}
		{24965ED5-3C4F-4E53-99F6-CA207AB60EBA} = {45C9E14F-A562-4E97-8751-8723709661B8}
		{EBCAA94F-F6C2-497E-87AE-3A1AF76B6A8C} = {45C9E14F-A562-4E97-8751-8723709661B8}
		{4769F440-586E-45C0-918E-FE26647C2ADF} = {81C41737-C414-4C5F-9E9C-678EEC7AF48B}
		{76D2D6AA-87AF-4E6C-AA99-B0501F2F3B82} = {81C41737-C414-4C5F-9E9C-678EEC7AF48B}
		{97BD91D0-0F38-4F68-99D8-C4C3C1E1B374} = {81C41737-C414-4C5F-9E9C-678EEC7AF48B}
		{6B43C928-D90B-40FA-ABBC-9B1E048F0CB5} = {81C41737-C414-4C5F-9E9C-678EEC7AF48B}
		{31D7B8E3-3CA9-456D-8177-8ECA26CD72BD} = {81C41737-C414-4C5F-9E9C-678EEC7AF48B}
		{2ACC742F-74D4-460B-9FD1-EB8A40EAA363} = {C122DEBD-2C90-40B7-BC12-40171E49FA0D}
		{F328146A-3A72-4A01-8CD4-C700FE04565B} = {BDDDE05B-3CFC-4A50-8EFE-9C24A8ABBC4A}
		{C0840DBC-4362-42C8-86AD-B9BCFE231794} = {45C9E14F-A562-4E97-8751-8723709661B8}
		{72F36A99-4B54-48BB-901D-DFD6D0689F7C} = {45C9E14F-A562-4E97-8751-8723709661B8}
		{90A6B5B8-2547-4E50-A930-37CCEF4A3917} = {45C9E14F-A562-4E97-8751-8723709661B8}
		{4D9CFFB0-207B-40B2-8BEF-3034D05C42A5} = {45C9E14F-A562-4E97-8751-8723709661B8}
		{112BA520-1A37-41D1-8571-E1D45D2C5226} = {77852154-A737-4DBC-9A06-1E1C543A226A}
		{06EA5455-C54B-45E3-BF5F-65975CBC66F6} = {77852154-A737-4DBC-9A06-1E1C543A226A}
		{67C295ED-E999-44C3-9084-8267F63A5AEA} = {E9E13D4C-4AF7-40AF-9A2E-B50250E72128}
		{F13B7BF6-DE5F-4850-93C6-8F8C495FB1F5} = {0103B1F1-8F1D-4DB5-9EE5-CA5E8B970D10}
		{7C7876F8-B953-4C0F-928D-9FA371AD3E05} = {E9E13D4C-4AF7-40AF-9A2E-B50250E72128}
	EndGlobalSection
	GlobalSection(ExtensibilityGlobals) = postSolution
		SolutionGuid = {F8B4417C-1BAD-421A-9164-89A427E53FA2}
	EndGlobalSection
EndGlobal
