
Microsoft Visual Studio Solution File, Format Version 12.00
# Visual Studio 15
VisualStudioVersion = 15.0.27428.2015
MinimumVisualStudioVersion = 10.0.40219.1
Project("{FAE04EC0-301F-11D3-BF4B-00C04F79EFBC}") = "Dasync.ValueContainer.Fx450", "Data\ValueContainer\Dasync.ValueContainer.Fx450.csproj", "{E1077C7C-048B-46DA-B8A4-B85A30D6E00F}"
EndProject
Project("{2150E333-8FDC-42A3-9474-1A3956D46DE8}") = "Data", "Data", "{284BE224-A303-4FA2-A520-D7671E5BD2BC}"
EndProject
Project("{FAE04EC0-301F-11D3-BF4B-00C04F79EFBC}") = "Dasync.Serialization.Fx450", "Data\Serialization\Dasync.Serialization.Fx450.csproj", "{D52DEC50-984D-4089-B09B-C272348E820F}"
EndProject
Project("{FAE04EC0-301F-11D3-BF4B-00C04F79EFBC}") = "Dasync.Serialization.Json.Fx450", "Data\Serialization.Json\Dasync.Serialization.Json.Fx450.csproj", "{E85D2FF8-3AA2-4F2C-AFF8-90C7B9DC1BBE}"
EndProject
Project("{FAE04EC0-301F-11D3-BF4B-00C04F79EFBC}") = "Dasync.Serializers.EETypes.Fx450", "Data\Serializers.EETypes\Dasync.Serializers.EETypes.Fx450.csproj", "{2B5CB54A-6622-429F-8866-7D6B69FE1BEC}"
EndProject
Project("{FAE04EC0-301F-11D3-BF4B-00C04F79EFBC}") = "Dasync.Serializers.StandardTypes.Fx450", "Data\Serializers.StandardTypes\Dasync.Serializers.StandardTypes.Fx450.csproj", "{FD1C95A7-4C25-450E-A15E-B993F7228AD5}"
EndProject
Project("{2150E333-8FDC-42A3-9474-1A3956D46DE8}") = "Engine", "Engine", "{DD2250EF-62F0-4D1B-98E5-C706B864ADCF}"
EndProject
Project("{FAE04EC0-301F-11D3-BF4B-00C04F79EFBC}") = "Dasync.Accessors.Fx450", "Engine\Accessors\Dasync.Accessors.Fx450.csproj", "{AD937B13-5277-4FBB-AC0D-C4AE8C56584C}"
EndProject
Project("{FAE04EC0-301F-11D3-BF4B-00C04F79EFBC}") = "Dasync.AsyncStateMachine.Fx450", "Engine\AsyncStateMachine\Dasync.AsyncStateMachine.Fx450.csproj", "{36CC3D73-7FCF-4EEC-A0F8-E406A470A0F1}"
EndProject
Project("{FAE04EC0-301F-11D3-BF4B-00C04F79EFBC}") = "Dasync.EETypes.Fx450", "Engine\EETypes\Dasync.EETypes.Fx450.csproj", "{E10B9109-B721-492E-B32D-048BC8F147C6}"
EndProject
Project("{FAE04EC0-301F-11D3-BF4B-00C04F79EFBC}") = "Dasync.ExecutionEngine.Fx450", "Engine\ExecutionEngine\Dasync.ExecutionEngine.Fx450.csproj", "{85F5737C-7D70-4C15-A72F-5336B18CC8C9}"
EndProject
Project("{FAE04EC0-301F-11D3-BF4B-00C04F79EFBC}") = "Dasync.Proxy.Fx450", "Engine\Proxy\Dasync.Proxy.Fx450.csproj", "{609F6864-473F-4EB5-A1B6-B93A33BACFAE}"
EndProject
Project("{2150E333-8FDC-42A3-9474-1A3956D46DE8}") = "Fabric", "Fabric", "{9143AAEA-5D04-4F44-9623-AE725CC71420}"
EndProject
Project("{FAE04EC0-301F-11D3-BF4B-00C04F79EFBC}") = "Dasync.Bootstrap.Fx450", "Fabric\Bootstrap\Dasync.Bootstrap.Fx450.csproj", "{80CB1CA7-0ACF-4C9F-850F-30990163FF4E}"
EndProject
Project("{FAE04EC0-301F-11D3-BF4B-00C04F79EFBC}") = "Dasync.Fabric.InMemory.Fx450", "Fabric\Fabric.InMemory\Dasync.Fabric.InMemory.Fx450.csproj", "{3E731492-0E09-475D-849E-9FF5C7BEF475}"
EndProject
Project("{FAE04EC0-301F-11D3-BF4B-00C04F79EFBC}") = "Dasync.ServiceRegistry.Fx450", "Fabric\ServiceRegistry\Dasync.ServiceRegistry.Fx450.csproj", "{8797E703-E6D6-46B4-A4A5-CEAECAC3FE03}"
EndProject
Project("{2150E333-8FDC-42A3-9474-1A3956D46DE8}") = "IoC", "IoC", "{DBA759D0-DC75-4883-A4C6-C08E479FDA28}"
EndProject
Project("{FAE04EC0-301F-11D3-BF4B-00C04F79EFBC}") = "Dasync.Ioc.Ninject.Fx450", "IoC\IoC.Ninject\Dasync.Ioc.Ninject.Fx450.csproj", "{B7568C78-9434-465D-B292-B70460033223}"
EndProject
Project("{2150E333-8FDC-42A3-9474-1A3956D46DE8}") = "Azure", "Azure", "{BF730304-1E82-486D-9E76-298B1D6D1776}"
EndProject
Project("{FAE04EC0-301F-11D3-BF4B-00C04F79EFBC}") = "Dasync.FabricConnector.AzureStorage.Fx450", "Azure\Connector.Storage\Dasync.FabricConnector.AzureStorage.Fx450.csproj", "{4400C0E4-7820-4655-98D7-BD91CB8DA5B5}"
EndProject
Project("{FAE04EC0-301F-11D3-BF4B-00C04F79EFBC}") = "Dasync.AzureStorage.Fx450", "Azure\Storage\Dasync.AzureStorage.Fx450.csproj", "{E952AF37-734C-458F-8202-8D639367B96E}"
EndProject
Project("{FAE04EC0-301F-11D3-BF4B-00C04F79EFBC}") = "Dasync.Fabric.AzureFunctions.Fx460", "Azure\Functions\Fabric\Dasync.Fabric.AzureFunctions.Fx460.csproj", "{985B3F1B-E3F0-4D44-A99D-9312EBEB7485}"
EndProject
Project("{FAE04EC0-301F-11D3-BF4B-00C04F79EFBC}") = "GenerateFunctions", "Azure\Functions\Generator\GenerateFunctions.csproj", "{C8E53D8B-0399-4009-9D44-BE4DA60F908C}"
EndProject
Project("{2150E333-8FDC-42A3-9474-1A3956D46DE8}") = "Functions", "Functions", "{FDBD682F-7F57-4AA8-AC99-DB6EF9BF3A6C}"
EndProject
Project("{FAE04EC0-301F-11D3-BF4B-00C04F79EFBC}") = "Dasync.EETypes.Fx460", "Engine\EETypes\Dasync.EETypes.Fx460.csproj", "{C549A376-809E-40BF-AAF5-16FACCDA6C23}"
EndProject
Project("{9A19103F-16F7-4668-BE54-9A1E7A4F7556}") = "Dasync.Ioc", "IoC\IoC\Dasync.Ioc.csproj", "{7DBD2F63-690D-486E-A425-30937385F32F}"
EndProject
Project("{9A19103F-16F7-4668-BE54-9A1E7A4F7556}") = "Dasync.Ioc.Autofac", "IoC\IoC.Autofac\Dasync.Ioc.Autofac.csproj", "{AB32283E-0DF3-4806-BCE1-E3D9592A8A7F}"
EndProject
Project("{FAE04EC0-301F-11D3-BF4B-00C04F79EFBC}") = "Dasync.CloudEvents.Fx450", "Data\CloudEvents\Dasync.CloudEvents.Fx450.csproj", "{057CC32B-4F80-4444-91A1-223488041FFF}"
EndProject
Global
	GlobalSection(SolutionConfigurationPlatforms) = preSolution
		Debug|Any CPU = Debug|Any CPU
		Release|Any CPU = Release|Any CPU
	EndGlobalSection
	GlobalSection(ProjectConfigurationPlatforms) = postSolution
		{E1077C7C-048B-46DA-B8A4-B85A30D6E00F}.Debug|Any CPU.ActiveCfg = Debug|Any CPU
		{E1077C7C-048B-46DA-B8A4-B85A30D6E00F}.Debug|Any CPU.Build.0 = Debug|Any CPU
		{E1077C7C-048B-46DA-B8A4-B85A30D6E00F}.Release|Any CPU.ActiveCfg = Release|Any CPU
		{E1077C7C-048B-46DA-B8A4-B85A30D6E00F}.Release|Any CPU.Build.0 = Release|Any CPU
		{D52DEC50-984D-4089-B09B-C272348E820F}.Debug|Any CPU.ActiveCfg = Debug|Any CPU
		{D52DEC50-984D-4089-B09B-C272348E820F}.Debug|Any CPU.Build.0 = Debug|Any CPU
		{D52DEC50-984D-4089-B09B-C272348E820F}.Release|Any CPU.ActiveCfg = Release|Any CPU
		{D52DEC50-984D-4089-B09B-C272348E820F}.Release|Any CPU.Build.0 = Release|Any CPU
		{E85D2FF8-3AA2-4F2C-AFF8-90C7B9DC1BBE}.Debug|Any CPU.ActiveCfg = Debug|Any CPU
		{E85D2FF8-3AA2-4F2C-AFF8-90C7B9DC1BBE}.Debug|Any CPU.Build.0 = Debug|Any CPU
		{E85D2FF8-3AA2-4F2C-AFF8-90C7B9DC1BBE}.Release|Any CPU.ActiveCfg = Release|Any CPU
		{E85D2FF8-3AA2-4F2C-AFF8-90C7B9DC1BBE}.Release|Any CPU.Build.0 = Release|Any CPU
		{2B5CB54A-6622-429F-8866-7D6B69FE1BEC}.Debug|Any CPU.ActiveCfg = Debug|Any CPU
		{2B5CB54A-6622-429F-8866-7D6B69FE1BEC}.Debug|Any CPU.Build.0 = Debug|Any CPU
		{2B5CB54A-6622-429F-8866-7D6B69FE1BEC}.Release|Any CPU.ActiveCfg = Release|Any CPU
		{2B5CB54A-6622-429F-8866-7D6B69FE1BEC}.Release|Any CPU.Build.0 = Release|Any CPU
		{FD1C95A7-4C25-450E-A15E-B993F7228AD5}.Debug|Any CPU.ActiveCfg = Debug|Any CPU
		{FD1C95A7-4C25-450E-A15E-B993F7228AD5}.Debug|Any CPU.Build.0 = Debug|Any CPU
		{FD1C95A7-4C25-450E-A15E-B993F7228AD5}.Release|Any CPU.ActiveCfg = Release|Any CPU
		{FD1C95A7-4C25-450E-A15E-B993F7228AD5}.Release|Any CPU.Build.0 = Release|Any CPU
		{AD937B13-5277-4FBB-AC0D-C4AE8C56584C}.Debug|Any CPU.ActiveCfg = Debug|Any CPU
		{AD937B13-5277-4FBB-AC0D-C4AE8C56584C}.Debug|Any CPU.Build.0 = Debug|Any CPU
		{AD937B13-5277-4FBB-AC0D-C4AE8C56584C}.Release|Any CPU.ActiveCfg = Release|Any CPU
		{AD937B13-5277-4FBB-AC0D-C4AE8C56584C}.Release|Any CPU.Build.0 = Release|Any CPU
		{36CC3D73-7FCF-4EEC-A0F8-E406A470A0F1}.Debug|Any CPU.ActiveCfg = Debug|Any CPU
		{36CC3D73-7FCF-4EEC-A0F8-E406A470A0F1}.Debug|Any CPU.Build.0 = Debug|Any CPU
		{36CC3D73-7FCF-4EEC-A0F8-E406A470A0F1}.Release|Any CPU.ActiveCfg = Release|Any CPU
		{36CC3D73-7FCF-4EEC-A0F8-E406A470A0F1}.Release|Any CPU.Build.0 = Release|Any CPU
		{E10B9109-B721-492E-B32D-048BC8F147C6}.Debug|Any CPU.ActiveCfg = Debug|Any CPU
		{E10B9109-B721-492E-B32D-048BC8F147C6}.Debug|Any CPU.Build.0 = Debug|Any CPU
		{E10B9109-B721-492E-B32D-048BC8F147C6}.Release|Any CPU.ActiveCfg = Release|Any CPU
		{E10B9109-B721-492E-B32D-048BC8F147C6}.Release|Any CPU.Build.0 = Release|Any CPU
		{85F5737C-7D70-4C15-A72F-5336B18CC8C9}.Debug|Any CPU.ActiveCfg = Debug|Any CPU
		{85F5737C-7D70-4C15-A72F-5336B18CC8C9}.Debug|Any CPU.Build.0 = Debug|Any CPU
		{85F5737C-7D70-4C15-A72F-5336B18CC8C9}.Release|Any CPU.ActiveCfg = Release|Any CPU
		{85F5737C-7D70-4C15-A72F-5336B18CC8C9}.Release|Any CPU.Build.0 = Release|Any CPU
		{609F6864-473F-4EB5-A1B6-B93A33BACFAE}.Debug|Any CPU.ActiveCfg = Debug|Any CPU
		{609F6864-473F-4EB5-A1B6-B93A33BACFAE}.Debug|Any CPU.Build.0 = Debug|Any CPU
		{609F6864-473F-4EB5-A1B6-B93A33BACFAE}.Release|Any CPU.ActiveCfg = Release|Any CPU
		{609F6864-473F-4EB5-A1B6-B93A33BACFAE}.Release|Any CPU.Build.0 = Release|Any CPU
		{80CB1CA7-0ACF-4C9F-850F-30990163FF4E}.Debug|Any CPU.ActiveCfg = Debug|Any CPU
		{80CB1CA7-0ACF-4C9F-850F-30990163FF4E}.Debug|Any CPU.Build.0 = Debug|Any CPU
		{80CB1CA7-0ACF-4C9F-850F-30990163FF4E}.Release|Any CPU.ActiveCfg = Release|Any CPU
		{80CB1CA7-0ACF-4C9F-850F-30990163FF4E}.Release|Any CPU.Build.0 = Release|Any CPU
		{3E731492-0E09-475D-849E-9FF5C7BEF475}.Debug|Any CPU.ActiveCfg = Debug|Any CPU
		{3E731492-0E09-475D-849E-9FF5C7BEF475}.Debug|Any CPU.Build.0 = Debug|Any CPU
		{3E731492-0E09-475D-849E-9FF5C7BEF475}.Release|Any CPU.ActiveCfg = Release|Any CPU
		{3E731492-0E09-475D-849E-9FF5C7BEF475}.Release|Any CPU.Build.0 = Release|Any CPU
		{8797E703-E6D6-46B4-A4A5-CEAECAC3FE03}.Debug|Any CPU.ActiveCfg = Debug|Any CPU
		{8797E703-E6D6-46B4-A4A5-CEAECAC3FE03}.Debug|Any CPU.Build.0 = Debug|Any CPU
		{8797E703-E6D6-46B4-A4A5-CEAECAC3FE03}.Release|Any CPU.ActiveCfg = Release|Any CPU
		{8797E703-E6D6-46B4-A4A5-CEAECAC3FE03}.Release|Any CPU.Build.0 = Release|Any CPU
		{B7568C78-9434-465D-B292-B70460033223}.Debug|Any CPU.ActiveCfg = Debug|Any CPU
		{B7568C78-9434-465D-B292-B70460033223}.Debug|Any CPU.Build.0 = Debug|Any CPU
		{B7568C78-9434-465D-B292-B70460033223}.Release|Any CPU.ActiveCfg = Release|Any CPU
		{B7568C78-9434-465D-B292-B70460033223}.Release|Any CPU.Build.0 = Release|Any CPU
		{4400C0E4-7820-4655-98D7-BD91CB8DA5B5}.Debug|Any CPU.ActiveCfg = Debug|Any CPU
		{4400C0E4-7820-4655-98D7-BD91CB8DA5B5}.Debug|Any CPU.Build.0 = Debug|Any CPU
		{4400C0E4-7820-4655-98D7-BD91CB8DA5B5}.Release|Any CPU.ActiveCfg = Release|Any CPU
		{4400C0E4-7820-4655-98D7-BD91CB8DA5B5}.Release|Any CPU.Build.0 = Release|Any CPU
		{E952AF37-734C-458F-8202-8D639367B96E}.Debug|Any CPU.ActiveCfg = Debug|Any CPU
		{E952AF37-734C-458F-8202-8D639367B96E}.Debug|Any CPU.Build.0 = Debug|Any CPU
		{E952AF37-734C-458F-8202-8D639367B96E}.Release|Any CPU.ActiveCfg = Release|Any CPU
		{E952AF37-734C-458F-8202-8D639367B96E}.Release|Any CPU.Build.0 = Release|Any CPU
		{985B3F1B-E3F0-4D44-A99D-9312EBEB7485}.Debug|Any CPU.ActiveCfg = Debug|Any CPU
		{985B3F1B-E3F0-4D44-A99D-9312EBEB7485}.Debug|Any CPU.Build.0 = Debug|Any CPU
		{985B3F1B-E3F0-4D44-A99D-9312EBEB7485}.Release|Any CPU.ActiveCfg = Release|Any CPU
		{985B3F1B-E3F0-4D44-A99D-9312EBEB7485}.Release|Any CPU.Build.0 = Release|Any CPU
		{C8E53D8B-0399-4009-9D44-BE4DA60F908C}.Debug|Any CPU.ActiveCfg = Debug|Any CPU
		{C8E53D8B-0399-4009-9D44-BE4DA60F908C}.Debug|Any CPU.Build.0 = Debug|Any CPU
		{C8E53D8B-0399-4009-9D44-BE4DA60F908C}.Release|Any CPU.ActiveCfg = Release|Any CPU
		{C8E53D8B-0399-4009-9D44-BE4DA60F908C}.Release|Any CPU.Build.0 = Release|Any CPU
		{C549A376-809E-40BF-AAF5-16FACCDA6C23}.Debug|Any CPU.ActiveCfg = Debug|Any CPU
		{C549A376-809E-40BF-AAF5-16FACCDA6C23}.Debug|Any CPU.Build.0 = Debug|Any CPU
		{C549A376-809E-40BF-AAF5-16FACCDA6C23}.Release|Any CPU.ActiveCfg = Release|Any CPU
		{C549A376-809E-40BF-AAF5-16FACCDA6C23}.Release|Any CPU.Build.0 = Release|Any CPU
		{7DBD2F63-690D-486E-A425-30937385F32F}.Debug|Any CPU.ActiveCfg = Debug|Any CPU
		{7DBD2F63-690D-486E-A425-30937385F32F}.Debug|Any CPU.Build.0 = Debug|Any CPU
		{7DBD2F63-690D-486E-A425-30937385F32F}.Release|Any CPU.ActiveCfg = Release|Any CPU
		{7DBD2F63-690D-486E-A425-30937385F32F}.Release|Any CPU.Build.0 = Release|Any CPU
		{AB32283E-0DF3-4806-BCE1-E3D9592A8A7F}.Debug|Any CPU.ActiveCfg = Debug|Any CPU
		{AB32283E-0DF3-4806-BCE1-E3D9592A8A7F}.Debug|Any CPU.Build.0 = Debug|Any CPU
		{AB32283E-0DF3-4806-BCE1-E3D9592A8A7F}.Release|Any CPU.ActiveCfg = Release|Any CPU
		{AB32283E-0DF3-4806-BCE1-E3D9592A8A7F}.Release|Any CPU.Build.0 = Release|Any CPU
		{057CC32B-4F80-4444-91A1-223488041FFF}.Debug|Any CPU.ActiveCfg = Debug|Any CPU
		{057CC32B-4F80-4444-91A1-223488041FFF}.Debug|Any CPU.Build.0 = Debug|Any CPU
		{057CC32B-4F80-4444-91A1-223488041FFF}.Release|Any CPU.ActiveCfg = Release|Any CPU
		{057CC32B-4F80-4444-91A1-223488041FFF}.Release|Any CPU.Build.0 = Release|Any CPU
	EndGlobalSection
	GlobalSection(SolutionProperties) = preSolution
		HideSolutionNode = FALSE
	EndGlobalSection
	GlobalSection(NestedProjects) = preSolution
		{E1077C7C-048B-46DA-B8A4-B85A30D6E00F} = {284BE224-A303-4FA2-A520-D7671E5BD2BC}
		{D52DEC50-984D-4089-B09B-C272348E820F} = {284BE224-A303-4FA2-A520-D7671E5BD2BC}
		{E85D2FF8-3AA2-4F2C-AFF8-90C7B9DC1BBE} = {284BE224-A303-4FA2-A520-D7671E5BD2BC}
		{2B5CB54A-6622-429F-8866-7D6B69FE1BEC} = {284BE224-A303-4FA2-A520-D7671E5BD2BC}
		{FD1C95A7-4C25-450E-A15E-B993F7228AD5} = {284BE224-A303-4FA2-A520-D7671E5BD2BC}
		{AD937B13-5277-4FBB-AC0D-C4AE8C56584C} = {DD2250EF-62F0-4D1B-98E5-C706B864ADCF}
		{36CC3D73-7FCF-4EEC-A0F8-E406A470A0F1} = {DD2250EF-62F0-4D1B-98E5-C706B864ADCF}
		{E10B9109-B721-492E-B32D-048BC8F147C6} = {DD2250EF-62F0-4D1B-98E5-C706B864ADCF}
		{85F5737C-7D70-4C15-A72F-5336B18CC8C9} = {DD2250EF-62F0-4D1B-98E5-C706B864ADCF}
		{609F6864-473F-4EB5-A1B6-B93A33BACFAE} = {DD2250EF-62F0-4D1B-98E5-C706B864ADCF}
		{80CB1CA7-0ACF-4C9F-850F-30990163FF4E} = {9143AAEA-5D04-4F44-9623-AE725CC71420}
		{3E731492-0E09-475D-849E-9FF5C7BEF475} = {9143AAEA-5D04-4F44-9623-AE725CC71420}
		{8797E703-E6D6-46B4-A4A5-CEAECAC3FE03} = {9143AAEA-5D04-4F44-9623-AE725CC71420}
		{B7568C78-9434-465D-B292-B70460033223} = {DBA759D0-DC75-4883-A4C6-C08E479FDA28}
		{4400C0E4-7820-4655-98D7-BD91CB8DA5B5} = {BF730304-1E82-486D-9E76-298B1D6D1776}
		{E952AF37-734C-458F-8202-8D639367B96E} = {BF730304-1E82-486D-9E76-298B1D6D1776}
		{985B3F1B-E3F0-4D44-A99D-9312EBEB7485} = {FDBD682F-7F57-4AA8-AC99-DB6EF9BF3A6C}
		{C8E53D8B-0399-4009-9D44-BE4DA60F908C} = {FDBD682F-7F57-4AA8-AC99-DB6EF9BF3A6C}
		{FDBD682F-7F57-4AA8-AC99-DB6EF9BF3A6C} = {BF730304-1E82-486D-9E76-298B1D6D1776}
		{C549A376-809E-40BF-AAF5-16FACCDA6C23} = {DD2250EF-62F0-4D1B-98E5-C706B864ADCF}
		{7DBD2F63-690D-486E-A425-30937385F32F} = {DBA759D0-DC75-4883-A4C6-C08E479FDA28}
		{AB32283E-0DF3-4806-BCE1-E3D9592A8A7F} = {DBA759D0-DC75-4883-A4C6-C08E479FDA28}
		{057CC32B-4F80-4444-91A1-223488041FFF} = {284BE224-A303-4FA2-A520-D7671E5BD2BC}
	EndGlobalSection
	GlobalSection(ExtensibilityGlobals) = postSolution
		SolutionGuid = {9EC5AF2B-7D6F-4EB0-BCC3-6781DC488FAC}
	EndGlobalSection
EndGlobal
